
Microsoft Visual Studio Solution File, Format Version 12.00
# Visual Studio Version 16
VisualStudioVersion = 16.0.31410.357
MinimumVisualStudioVersion = 10.0.40219.1
Project("{FAE04EC0-301F-11D3-BF4B-00C04F79EFBC}") = "TruYumMVC", "TruYumMVC\TruYumMVC.csproj", "{3C5AD6CB-280B-47A2-9EF6-A6294237708A}"
EndProject
Global
	GlobalSection(SolutionConfigurationPlatforms) = preSolution
		Debug|Any CPU = Debug|Any CPU
		Release|Any CPU = Release|Any CPU
	EndGlobalSection
	GlobalSection(ProjectConfigurationPlatforms) = postSolution
		{3C5AD6CB-280B-47A2-9EF6-A6294237708A}.Debug|Any CPU.ActiveCfg = Debug|Any CPU
		{3C5AD6CB-280B-47A2-9EF6-A6294237708A}.Debug|Any CPU.Build.0 = Debug|Any CPU
		{3C5AD6CB-280B-47A2-9EF6-A6294237708A}.Release|Any CPU.ActiveCfg = Release|Any CPU
		{3C5AD6CB-280B-47A2-9EF6-A6294237708A}.Release|Any CPU.Build.0 = Release|Any CPU
	EndGlobalSection
	GlobalSection(SolutionProperties) = preSolution
		HideSolutionNode = FALSE
	EndGlobalSection
	GlobalSection(ExtensibilityGlobals) = postSolution
		SolutionGuid = {4848B618-04A1-44C8-8564-A7D6F87F5D00}
	EndGlobalSection
EndGlobal
